// !$*UTF8*$!
{
	archiveVersion = 1;
	classes = {
	};
	objectVersion = 51;
	objects = {

/* Begin PBXBuildFile section */
		101BC6D2228487170030EB27 /* AppDelegate.swift in Sources */ = {isa = PBXBuildFile; fileRef = 101BC6D1228487170030EB27 /* AppDelegate.swift */; };
		101BC6D4228487170030EB27 /* DeliveryListViewController.swift in Sources */ = {isa = PBXBuildFile; fileRef = 101BC6D3228487170030EB27 /* DeliveryListViewController.swift */; };
		101BC6D92284871A0030EB27 /* Assets.xcassets in Resources */ = {isa = PBXBuildFile; fileRef = 101BC6D82284871A0030EB27 /* Assets.xcassets */; };
		101BC6DC2284871A0030EB27 /* LaunchScreen.storyboard in Resources */ = {isa = PBXBuildFile; fileRef = 101BC6DA2284871A0030EB27 /* LaunchScreen.storyboard */; };
		101BC6E72284871A0030EB27 /* iDeliveryTests.swift in Sources */ = {isa = PBXBuildFile; fileRef = 101BC6E62284871A0030EB27 /* iDeliveryTests.swift */; };
		101BC6F22284871A0030EB27 /* iDeliveryUITests.swift in Sources */ = {isa = PBXBuildFile; fileRef = 101BC6F12284871A0030EB27 /* iDeliveryUITests.swift */; };
		101BC70122848F5E0030EB27 /* Extensions.swift in Sources */ = {isa = PBXBuildFile; fileRef = 101BC70022848F5E0030EB27 /* Extensions.swift */; };
		101BC7F72285B6AA0030EB27 /* DeliveryModel.swift in Sources */ = {isa = PBXBuildFile; fileRef = 101BC7F62285B6AA0030EB27 /* DeliveryModel.swift */; };
		101BC7FA2285C1070030EB27 /* DeliveryListTableViewCell.swift in Sources */ = {isa = PBXBuildFile; fileRef = 101BC7F92285C1070030EB27 /* DeliveryListTableViewCell.swift */; };
		101BC7FD2285D9490030EB27 /* NetworkManager.swift in Sources */ = {isa = PBXBuildFile; fileRef = 101BC7FC2285D9490030EB27 /* NetworkManager.swift */; };
		59FAA62D39387A01363E3523 /* Pods_iDelivery.framework in Frameworks */ = {isa = PBXBuildFile; fileRef = E15F6CF636DAD4E98A20D401 /* Pods_iDelivery.framework */; };
		E73063E05416FC5C4E95B9CF /* Pods_iDeliveryUITests.framework in Frameworks */ = {isa = PBXBuildFile; fileRef = 1ADE98C1C96A561D97A10B20 /* Pods_iDeliveryUITests.framework */; };
		F5019E97A9B2AE06DC92DD96 /* Pods_iDeliveryTests.framework in Frameworks */ = {isa = PBXBuildFile; fileRef = 4FA84484BB761CCF603D3C62 /* Pods_iDeliveryTests.framework */; };
/* End PBXBuildFile section */

/* Begin PBXContainerItemProxy section */
		101BC6E32284871A0030EB27 /* PBXContainerItemProxy */ = {
			isa = PBXContainerItemProxy;
			containerPortal = 101BC6C6228487170030EB27 /* Project object */;
			proxyType = 1;
			remoteGlobalIDString = 101BC6CD228487170030EB27;
			remoteInfo = iDelivery;
		};
		101BC6EE2284871A0030EB27 /* PBXContainerItemProxy */ = {
			isa = PBXContainerItemProxy;
			containerPortal = 101BC6C6228487170030EB27 /* Project object */;
			proxyType = 1;
			remoteGlobalIDString = 101BC6CD228487170030EB27;
			remoteInfo = iDelivery;
		};
/* End PBXContainerItemProxy section */

/* Begin PBXFileReference section */
		101BC6CE228487170030EB27 /* iDelivery.app */ = {isa = PBXFileReference; explicitFileType = wrapper.application; includeInIndex = 0; path = iDelivery.app; sourceTree = BUILT_PRODUCTS_DIR; };
		101BC6D1228487170030EB27 /* AppDelegate.swift */ = {isa = PBXFileReference; lastKnownFileType = sourcecode.swift; path = AppDelegate.swift; sourceTree = "<group>"; };
		101BC6D3228487170030EB27 /* DeliveryListViewController.swift */ = {isa = PBXFileReference; lastKnownFileType = sourcecode.swift; path = DeliveryListViewController.swift; sourceTree = "<group>"; };
		101BC6D82284871A0030EB27 /* Assets.xcassets */ = {isa = PBXFileReference; lastKnownFileType = folder.assetcatalog; path = Assets.xcassets; sourceTree = "<group>"; };
		101BC6DB2284871A0030EB27 /* Base */ = {isa = PBXFileReference; lastKnownFileType = file.storyboard; name = Base; path = Base.lproj/LaunchScreen.storyboard; sourceTree = "<group>"; };
		101BC6DD2284871A0030EB27 /* Info.plist */ = {isa = PBXFileReference; lastKnownFileType = text.plist.xml; path = Info.plist; sourceTree = "<group>"; };
		101BC6E22284871A0030EB27 /* iDeliveryTests.xctest */ = {isa = PBXFileReference; explicitFileType = wrapper.cfbundle; includeInIndex = 0; path = iDeliveryTests.xctest; sourceTree = BUILT_PRODUCTS_DIR; };
		101BC6E62284871A0030EB27 /* iDeliveryTests.swift */ = {isa = PBXFileReference; lastKnownFileType = sourcecode.swift; path = iDeliveryTests.swift; sourceTree = "<group>"; };
		101BC6E82284871A0030EB27 /* Info.plist */ = {isa = PBXFileReference; lastKnownFileType = text.plist.xml; path = Info.plist; sourceTree = "<group>"; };
		101BC6ED2284871A0030EB27 /* iDeliveryUITests.xctest */ = {isa = PBXFileReference; explicitFileType = wrapper.cfbundle; includeInIndex = 0; path = iDeliveryUITests.xctest; sourceTree = BUILT_PRODUCTS_DIR; };
		101BC6F12284871A0030EB27 /* iDeliveryUITests.swift */ = {isa = PBXFileReference; lastKnownFileType = sourcecode.swift; path = iDeliveryUITests.swift; sourceTree = "<group>"; };
		101BC6F32284871A0030EB27 /* Info.plist */ = {isa = PBXFileReference; lastKnownFileType = text.plist.xml; path = Info.plist; sourceTree = "<group>"; };
		101BC70022848F5E0030EB27 /* Extensions.swift */ = {isa = PBXFileReference; lastKnownFileType = sourcecode.swift; path = Extensions.swift; sourceTree = "<group>"; };
		101BC7F62285B6AA0030EB27 /* DeliveryModel.swift */ = {isa = PBXFileReference; lastKnownFileType = sourcecode.swift; path = DeliveryModel.swift; sourceTree = "<group>"; };
		101BC7F92285C1070030EB27 /* DeliveryListTableViewCell.swift */ = {isa = PBXFileReference; lastKnownFileType = sourcecode.swift; path = DeliveryListTableViewCell.swift; sourceTree = "<group>"; };
		101BC7FC2285D9490030EB27 /* NetworkManager.swift */ = {isa = PBXFileReference; lastKnownFileType = sourcecode.swift; path = NetworkManager.swift; sourceTree = "<group>"; };
		1ADE98C1C96A561D97A10B20 /* Pods_iDeliveryUITests.framework */ = {isa = PBXFileReference; explicitFileType = wrapper.framework; includeInIndex = 0; path = Pods_iDeliveryUITests.framework; sourceTree = BUILT_PRODUCTS_DIR; };
		22AC0D8B1E4A05A42DB28DF8 /* Pods-iDelivery.debug.xcconfig */ = {isa = PBXFileReference; includeInIndex = 1; lastKnownFileType = text.xcconfig; name = "Pods-iDelivery.debug.xcconfig"; path = "Target Support Files/Pods-iDelivery/Pods-iDelivery.debug.xcconfig"; sourceTree = "<group>"; };
		4FA84484BB761CCF603D3C62 /* Pods_iDeliveryTests.framework */ = {isa = PBXFileReference; explicitFileType = wrapper.framework; includeInIndex = 0; path = Pods_iDeliveryTests.framework; sourceTree = BUILT_PRODUCTS_DIR; };
		84B4FBFD86F3ED01C76A8426 /* Pods-iDelivery.release.xcconfig */ = {isa = PBXFileReference; includeInIndex = 1; lastKnownFileType = text.xcconfig; name = "Pods-iDelivery.release.xcconfig"; path = "Target Support Files/Pods-iDelivery/Pods-iDelivery.release.xcconfig"; sourceTree = "<group>"; };
		8ECFA2077F370CDFF43602E4 /* Pods-iDeliveryUITests.debug.xcconfig */ = {isa = PBXFileReference; includeInIndex = 1; lastKnownFileType = text.xcconfig; name = "Pods-iDeliveryUITests.debug.xcconfig"; path = "Target Support Files/Pods-iDeliveryUITests/Pods-iDeliveryUITests.debug.xcconfig"; sourceTree = "<group>"; };
		A2CBA3BBF5FFED2C92E39C78 /* Pods-iDeliveryTests.debug.xcconfig */ = {isa = PBXFileReference; includeInIndex = 1; lastKnownFileType = text.xcconfig; name = "Pods-iDeliveryTests.debug.xcconfig"; path = "Target Support Files/Pods-iDeliveryTests/Pods-iDeliveryTests.debug.xcconfig"; sourceTree = "<group>"; };
		C229C8AB96D1558CD7745226 /* Pods-iDeliveryUITests.release.xcconfig */ = {isa = PBXFileReference; includeInIndex = 1; lastKnownFileType = text.xcconfig; name = "Pods-iDeliveryUITests.release.xcconfig"; path = "Target Support Files/Pods-iDeliveryUITests/Pods-iDeliveryUITests.release.xcconfig"; sourceTree = "<group>"; };
		E15F6CF636DAD4E98A20D401 /* Pods_iDelivery.framework */ = {isa = PBXFileReference; explicitFileType = wrapper.framework; includeInIndex = 0; path = Pods_iDelivery.framework; sourceTree = BUILT_PRODUCTS_DIR; };
		F9AACA0687E389FB5F83CCCA /* Pods-iDeliveryTests.release.xcconfig */ = {isa = PBXFileReference; includeInIndex = 1; lastKnownFileType = text.xcconfig; name = "Pods-iDeliveryTests.release.xcconfig"; path = "Target Support Files/Pods-iDeliveryTests/Pods-iDeliveryTests.release.xcconfig"; sourceTree = "<group>"; };
/* End PBXFileReference section */

/* Begin PBXFrameworksBuildPhase section */
		101BC6CB228487170030EB27 /* Frameworks */ = {
			isa = PBXFrameworksBuildPhase;
			buildActionMask = 2147483647;
			files = (
				59FAA62D39387A01363E3523 /* Pods_iDelivery.framework in Frameworks */,
			);
			runOnlyForDeploymentPostprocessing = 0;
		};
		101BC6DF2284871A0030EB27 /* Frameworks */ = {
			isa = PBXFrameworksBuildPhase;
			buildActionMask = 2147483647;
			files = (
				F5019E97A9B2AE06DC92DD96 /* Pods_iDeliveryTests.framework in Frameworks */,
			);
			runOnlyForDeploymentPostprocessing = 0;
		};
		101BC6EA2284871A0030EB27 /* Frameworks */ = {
			isa = PBXFrameworksBuildPhase;
			buildActionMask = 2147483647;
			files = (
				E73063E05416FC5C4E95B9CF /* Pods_iDeliveryUITests.framework in Frameworks */,
			);
			runOnlyForDeploymentPostprocessing = 0;
		};
/* End PBXFrameworksBuildPhase section */

/* Begin PBXGroup section */
		017302F06CF13710905259C1 /* Pods */ = {
			isa = PBXGroup;
			children = (
				22AC0D8B1E4A05A42DB28DF8 /* Pods-iDelivery.debug.xcconfig */,
				84B4FBFD86F3ED01C76A8426 /* Pods-iDelivery.release.xcconfig */,
				A2CBA3BBF5FFED2C92E39C78 /* Pods-iDeliveryTests.debug.xcconfig */,
				F9AACA0687E389FB5F83CCCA /* Pods-iDeliveryTests.release.xcconfig */,
				8ECFA2077F370CDFF43602E4 /* Pods-iDeliveryUITests.debug.xcconfig */,
				C229C8AB96D1558CD7745226 /* Pods-iDeliveryUITests.release.xcconfig */,
			);
			path = Pods;
			sourceTree = "<group>";
		};
		101BC6C5228487170030EB27 = {
			isa = PBXGroup;
			children = (
				101BC6D0228487170030EB27 /* iDelivery */,
				101BC6E52284871A0030EB27 /* iDeliveryTests */,
				101BC6F02284871A0030EB27 /* iDeliveryUITests */,
				101BC6CF228487170030EB27 /* Products */,
				017302F06CF13710905259C1 /* Pods */,
				E24E2EBA7E1E9C5A3D0C6F1F /* Frameworks */,
			);
			sourceTree = "<group>";
		};
		101BC6CF228487170030EB27 /* Products */ = {
			isa = PBXGroup;
			children = (
				101BC6CE228487170030EB27 /* iDelivery.app */,
				101BC6E22284871A0030EB27 /* iDeliveryTests.xctest */,
				101BC6ED2284871A0030EB27 /* iDeliveryUITests.xctest */,
			);
			name = Products;
			sourceTree = "<group>";
		};
		101BC6D0228487170030EB27 /* iDelivery */ = {
			isa = PBXGroup;
			children = (
				101BC7FB2285D9220030EB27 /* NetworkManager */,
				101BC7F82285C0D10030EB27 /* Views */,
				101BC7F52285B6640030EB27 /* Models */,
				101BC6FF22848F430030EB27 /* Extensions */,
				101BC6D1228487170030EB27 /* AppDelegate.swift */,
				101BC7F42285B6270030EB27 /* DeliveryListViewController */,
				101BC6D82284871A0030EB27 /* Assets.xcassets */,
				101BC6DA2284871A0030EB27 /* LaunchScreen.storyboard */,
				101BC6DD2284871A0030EB27 /* Info.plist */,
			);
			path = iDelivery;
			sourceTree = "<group>";
		};
		101BC6E52284871A0030EB27 /* iDeliveryTests */ = {
			isa = PBXGroup;
			children = (
				101BC6E62284871A0030EB27 /* iDeliveryTests.swift */,
				101BC6E82284871A0030EB27 /* Info.plist */,
			);
			path = iDeliveryTests;
			sourceTree = "<group>";
		};
		101BC6F02284871A0030EB27 /* iDeliveryUITests */ = {
			isa = PBXGroup;
			children = (
				101BC6F12284871A0030EB27 /* iDeliveryUITests.swift */,
				101BC6F32284871A0030EB27 /* Info.plist */,
			);
			path = iDeliveryUITests;
			sourceTree = "<group>";
		};
		101BC6FF22848F430030EB27 /* Extensions */ = {
			isa = PBXGroup;
			children = (
				101BC70022848F5E0030EB27 /* Extensions.swift */,
			);
			path = Extensions;
			sourceTree = "<group>";
		};
		101BC7F42285B6270030EB27 /* DeliveryListViewController */ = {
			isa = PBXGroup;
			children = (
				101BC6D3228487170030EB27 /* DeliveryListViewController.swift */,
			);
			path = DeliveryListViewController;
			sourceTree = "<group>";
		};
		101BC7F52285B6640030EB27 /* Models */ = {
			isa = PBXGroup;
			children = (
				101BC7F62285B6AA0030EB27 /* DeliveryModel.swift */,
			);
			path = Models;
			sourceTree = "<group>";
		};
		101BC7F82285C0D10030EB27 /* Views */ = {
			isa = PBXGroup;
			children = (
				101BC7F92285C1070030EB27 /* DeliveryListTableViewCell.swift */,
			);
			path = Views;
			sourceTree = "<group>";
		};
		101BC7FB2285D9220030EB27 /* NetworkManager */ = {
			isa = PBXGroup;
			children = (
				101BC7FC2285D9490030EB27 /* NetworkManager.swift */,
			);
			path = NetworkManager;
			sourceTree = "<group>";
		};
		E24E2EBA7E1E9C5A3D0C6F1F /* Frameworks */ = {
			isa = PBXGroup;
			children = (
				E15F6CF636DAD4E98A20D401 /* Pods_iDelivery.framework */,
				4FA84484BB761CCF603D3C62 /* Pods_iDeliveryTests.framework */,
				1ADE98C1C96A561D97A10B20 /* Pods_iDeliveryUITests.framework */,
			);
			name = Frameworks;
			sourceTree = "<group>";
		};
/* End PBXGroup section */

/* Begin PBXNativeTarget section */
		101BC6CD228487170030EB27 /* iDelivery */ = {
			isa = PBXNativeTarget;
			buildConfigurationList = 101BC6F62284871A0030EB27 /* Build configuration list for PBXNativeTarget "iDelivery" */;
			buildPhases = (
				8EB0490F4CA0472988B555FE /* [CP] Check Pods Manifest.lock */,
				101BC6CA228487170030EB27 /* Sources */,
				101BC6CB228487170030EB27 /* Frameworks */,
				101BC6CC228487170030EB27 /* Resources */,
				B35928D64C0CB4A7D15CF53D /* [CP] Embed Pods Frameworks */,
			);
			buildRules = (
			);
			dependencies = (
			);
			name = iDelivery;
			productName = iDelivery;
			productReference = 101BC6CE228487170030EB27 /* iDelivery.app */;
			productType = "com.apple.product-type.application";
		};
		101BC6E12284871A0030EB27 /* iDeliveryTests */ = {
			isa = PBXNativeTarget;
			buildConfigurationList = 101BC6F92284871A0030EB27 /* Build configuration list for PBXNativeTarget "iDeliveryTests" */;
			buildPhases = (
				1FDBB046B1BC17799214E3D4 /* [CP] Check Pods Manifest.lock */,
				101BC6DE2284871A0030EB27 /* Sources */,
				101BC6DF2284871A0030EB27 /* Frameworks */,
				101BC6E02284871A0030EB27 /* Resources */,
			);
			buildRules = (
			);
			dependencies = (
				101BC6E42284871A0030EB27 /* PBXTargetDependency */,
			);
			name = iDeliveryTests;
			productName = iDeliveryTests;
			productReference = 101BC6E22284871A0030EB27 /* iDeliveryTests.xctest */;
			productType = "com.apple.product-type.bundle.unit-test";
		};
		101BC6EC2284871A0030EB27 /* iDeliveryUITests */ = {
			isa = PBXNativeTarget;
			buildConfigurationList = 101BC6FC2284871A0030EB27 /* Build configuration list for PBXNativeTarget "iDeliveryUITests" */;
			buildPhases = (
				00ADAD3C013FAC9C6F128BEC /* [CP] Check Pods Manifest.lock */,
				101BC6E92284871A0030EB27 /* Sources */,
				101BC6EA2284871A0030EB27 /* Frameworks */,
				101BC6EB2284871A0030EB27 /* Resources */,
			);
			buildRules = (
			);
			dependencies = (
				101BC6EF2284871A0030EB27 /* PBXTargetDependency */,
			);
			name = iDeliveryUITests;
			productName = iDeliveryUITests;
			productReference = 101BC6ED2284871A0030EB27 /* iDeliveryUITests.xctest */;
			productType = "com.apple.product-type.bundle.ui-testing";
		};
/* End PBXNativeTarget section */

/* Begin PBXProject section */
		101BC6C6228487170030EB27 /* Project object */ = {
			isa = PBXProject;
			attributes = {
				LastSwiftUpdateCheck = 1020;
				LastUpgradeCheck = 1020;
				ORGANIZATIONNAME = "Harpreet Singh";
				TargetAttributes = {
					101BC6CD228487170030EB27 = {
						CreatedOnToolsVersion = 10.2.1;
					};
					101BC6E12284871A0030EB27 = {
						CreatedOnToolsVersion = 10.2.1;
						TestTargetID = 101BC6CD228487170030EB27;
					};
					101BC6EC2284871A0030EB27 = {
						CreatedOnToolsVersion = 10.2.1;
						TestTargetID = 101BC6CD228487170030EB27;
					};
				};
			};
			buildConfigurationList = 101BC6C9228487170030EB27 /* Build configuration list for PBXProject "iDelivery" */;
			compatibilityVersion = "Xcode 9.3";
			developmentRegion = en;
			hasScannedForEncodings = 0;
			knownRegions = (
				en,
				Base,
			);
			mainGroup = 101BC6C5228487170030EB27;
			productRefGroup = 101BC6CF228487170030EB27 /* Products */;
			projectDirPath = "";
			projectRoot = "";
			targets = (
				101BC6CD228487170030EB27 /* iDelivery */,
				101BC6E12284871A0030EB27 /* iDeliveryTests */,
				101BC6EC2284871A0030EB27 /* iDeliveryUITests */,
			);
		};
/* End PBXProject section */

/* Begin PBXResourcesBuildPhase section */
		101BC6CC228487170030EB27 /* Resources */ = {
			isa = PBXResourcesBuildPhase;
			buildActionMask = 2147483647;
			files = (
				101BC6DC2284871A0030EB27 /* LaunchScreen.storyboard in Resources */,
				101BC6D92284871A0030EB27 /* Assets.xcassets in Resources */,
			);
			runOnlyForDeploymentPostprocessing = 0;
		};
		101BC6E02284871A0030EB27 /* Resources */ = {
			isa = PBXResourcesBuildPhase;
			buildActionMask = 2147483647;
			files = (
			);
			runOnlyForDeploymentPostprocessing = 0;
		};
		101BC6EB2284871A0030EB27 /* Resources */ = {
			isa = PBXResourcesBuildPhase;
			buildActionMask = 2147483647;
			files = (
			);
			runOnlyForDeploymentPostprocessing = 0;
		};
/* End PBXResourcesBuildPhase section */

/* Begin PBXShellScriptBuildPhase section */
		00ADAD3C013FAC9C6F128BEC /* [CP] Check Pods Manifest.lock */ = {
			isa = PBXShellScriptBuildPhase;
			buildActionMask = 2147483647;
			files = (
			);
			inputFileListPaths = (
			);
			inputPaths = (
				"${PODS_PODFILE_DIR_PATH}/Podfile.lock",
				"${PODS_ROOT}/Manifest.lock",
			);
			name = "[CP] Check Pods Manifest.lock";
			outputFileListPaths = (
			);
			outputPaths = (
				"$(DERIVED_FILE_DIR)/Pods-iDeliveryUITests-checkManifestLockResult.txt",
			);
			runOnlyForDeploymentPostprocessing = 0;
			shellPath = /bin/sh;
			shellScript = "diff \"${PODS_PODFILE_DIR_PATH}/Podfile.lock\" \"${PODS_ROOT}/Manifest.lock\" > /dev/null\nif [ $? != 0 ] ; then\n    # print error to STDERR\n    echo \"error: The sandbox is not in sync with the Podfile.lock. Run 'pod install' or update your CocoaPods installation.\" >&2\n    exit 1\nfi\n# This output is used by Xcode 'outputs' to avoid re-running this script phase.\necho \"SUCCESS\" > \"${SCRIPT_OUTPUT_FILE_0}\"\n";
			showEnvVarsInLog = 0;
		};
		1FDBB046B1BC17799214E3D4 /* [CP] Check Pods Manifest.lock */ = {
			isa = PBXShellScriptBuildPhase;
			buildActionMask = 2147483647;
			files = (
			);
			inputFileListPaths = (
			);
			inputPaths = (
				"${PODS_PODFILE_DIR_PATH}/Podfile.lock",
				"${PODS_ROOT}/Manifest.lock",
			);
			name = "[CP] Check Pods Manifest.lock";
			outputFileListPaths = (
			);
			outputPaths = (
				"$(DERIVED_FILE_DIR)/Pods-iDeliveryTests-checkManifestLockResult.txt",
			);
			runOnlyForDeploymentPostprocessing = 0;
			shellPath = /bin/sh;
			shellScript = "diff \"${PODS_PODFILE_DIR_PATH}/Podfile.lock\" \"${PODS_ROOT}/Manifest.lock\" > /dev/null\nif [ $? != 0 ] ; then\n    # print error to STDERR\n    echo \"error: The sandbox is not in sync with the Podfile.lock. Run 'pod install' or update your CocoaPods installation.\" >&2\n    exit 1\nfi\n# This output is used by Xcode 'outputs' to avoid re-running this script phase.\necho \"SUCCESS\" > \"${SCRIPT_OUTPUT_FILE_0}\"\n";
			showEnvVarsInLog = 0;
		};
		8EB0490F4CA0472988B555FE /* [CP] Check Pods Manifest.lock */ = {
			isa = PBXShellScriptBuildPhase;
			buildActionMask = 2147483647;
			files = (
			);
			inputFileListPaths = (
			);
			inputPaths = (
				"${PODS_PODFILE_DIR_PATH}/Podfile.lock",
				"${PODS_ROOT}/Manifest.lock",
			);
			name = "[CP] Check Pods Manifest.lock";
			outputFileListPaths = (
			);
			outputPaths = (
				"$(DERIVED_FILE_DIR)/Pods-iDelivery-checkManifestLockResult.txt",
			);
			runOnlyForDeploymentPostprocessing = 0;
			shellPath = /bin/sh;
			shellScript = "diff \"${PODS_PODFILE_DIR_PATH}/Podfile.lock\" \"${PODS_ROOT}/Manifest.lock\" > /dev/null\nif [ $? != 0 ] ; then\n    # print error to STDERR\n    echo \"error: The sandbox is not in sync with the Podfile.lock. Run 'pod install' or update your CocoaPods installation.\" >&2\n    exit 1\nfi\n# This output is used by Xcode 'outputs' to avoid re-running this script phase.\necho \"SUCCESS\" > \"${SCRIPT_OUTPUT_FILE_0}\"\n";
			showEnvVarsInLog = 0;
		};
		B35928D64C0CB4A7D15CF53D /* [CP] Embed Pods Frameworks */ = {
			isa = PBXShellScriptBuildPhase;
			buildActionMask = 2147483647;
			files = (
			);
			inputFileListPaths = (
				"${PODS_ROOT}/Target Support Files/Pods-iDelivery/Pods-iDelivery-frameworks-${CONFIGURATION}-input-files.xcfilelist",
			);
			name = "[CP] Embed Pods Frameworks";
			outputFileListPaths = (
				"${PODS_ROOT}/Target Support Files/Pods-iDelivery/Pods-iDelivery-frameworks-${CONFIGURATION}-output-files.xcfilelist",
			);
			runOnlyForDeploymentPostprocessing = 0;
			shellPath = /bin/sh;
			shellScript = "\"${PODS_ROOT}/Target Support Files/Pods-iDelivery/Pods-iDelivery-frameworks.sh\"\n";
			showEnvVarsInLog = 0;
		};
/* End PBXShellScriptBuildPhase section */

/* Begin PBXSourcesBuildPhase section */
		101BC6CA228487170030EB27 /* Sources */ = {
			isa = PBXSourcesBuildPhase;
			buildActionMask = 2147483647;
			files = (
				101BC7FD2285D9490030EB27 /* NetworkManager.swift in Sources */,
				101BC6D4228487170030EB27 /* DeliveryListViewController.swift in Sources */,
				101BC7FA2285C1070030EB27 /* DeliveryListTableViewCell.swift in Sources */,
				101BC70122848F5E0030EB27 /* Extensions.swift in Sources */,
				101BC6D2228487170030EB27 /* AppDelegate.swift in Sources */,
				101BC7F72285B6AA0030EB27 /* DeliveryModel.swift in Sources */,
			);
			runOnlyForDeploymentPostprocessing = 0;
		};
		101BC6DE2284871A0030EB27 /* Sources */ = {
			isa = PBXSourcesBuildPhase;
			buildActionMask = 2147483647;
			files = (
				101BC6E72284871A0030EB27 /* iDeliveryTests.swift in Sources */,
			);
			runOnlyForDeploymentPostprocessing = 0;
		};
		101BC6E92284871A0030EB27 /* Sources */ = {
			isa = PBXSourcesBuildPhase;
			buildActionMask = 2147483647;
			files = (
				101BC6F22284871A0030EB27 /* iDeliveryUITests.swift in Sources */,
			);
			runOnlyForDeploymentPostprocessing = 0;
		};
/* End PBXSourcesBuildPhase section */

/* Begin PBXTargetDependency section */
		101BC6E42284871A0030EB27 /* PBXTargetDependency */ = {
			isa = PBXTargetDependency;
			target = 101BC6CD228487170030EB27 /* iDelivery */;
			targetProxy = 101BC6E32284871A0030EB27 /* PBXContainerItemProxy */;
		};
		101BC6EF2284871A0030EB27 /* PBXTargetDependency */ = {
			isa = PBXTargetDependency;
			target = 101BC6CD228487170030EB27 /* iDelivery */;
			targetProxy = 101BC6EE2284871A0030EB27 /* PBXContainerItemProxy */;
		};
/* End PBXTargetDependency section */

/* Begin PBXVariantGroup section */
		101BC6DA2284871A0030EB27 /* LaunchScreen.storyboard */ = {
			isa = PBXVariantGroup;
			children = (
				101BC6DB2284871A0030EB27 /* Base */,
			);
			name = LaunchScreen.storyboard;
			sourceTree = "<group>";
		};
/* End PBXVariantGroup section */

/* Begin XCBuildConfiguration section */
		101BC6F42284871A0030EB27 /* Debug */ = {
			isa = XCBuildConfiguration;
			buildSettings = {
				ALWAYS_SEARCH_USER_PATHS = NO;
				CLANG_ANALYZER_NONNULL = YES;
				CLANG_ANALYZER_NUMBER_OBJECT_CONVERSION = YES_AGGRESSIVE;
				CLANG_CXX_LANGUAGE_STANDARD = "gnu++14";
				CLANG_CXX_LIBRARY = "libc++";
				CLANG_ENABLE_MODULES = YES;
				CLANG_ENABLE_OBJC_ARC = YES;
				CLANG_ENABLE_OBJC_WEAK = YES;
				CLANG_WARN_BLOCK_CAPTURE_AUTORELEASING = YES;
				CLANG_WARN_BOOL_CONVERSION = YES;
				CLANG_WARN_COMMA = YES;
				CLANG_WARN_CONSTANT_CONVERSION = YES;
				CLANG_WARN_DEPRECATED_OBJC_IMPLEMENTATIONS = YES;
				CLANG_WARN_DIRECT_OBJC_ISA_USAGE = YES_ERROR;
				CLANG_WARN_DOCUMENTATION_COMMENTS = YES;
				CLANG_WARN_EMPTY_BODY = YES;
				CLANG_WARN_ENUM_CONVERSION = YES;
				CLANG_WARN_INFINITE_RECURSION = YES;
				CLANG_WARN_INT_CONVERSION = YES;
				CLANG_WARN_NON_LITERAL_NULL_CONVERSION = YES;
				CLANG_WARN_OBJC_IMPLICIT_RETAIN_SELF = YES;
				CLANG_WARN_OBJC_LITERAL_CONVERSION = YES;
				CLANG_WARN_OBJC_ROOT_CLASS = YES_ERROR;
				CLANG_WARN_RANGE_LOOP_ANALYSIS = YES;
				CLANG_WARN_STRICT_PROTOTYPES = YES;
				CLANG_WARN_SUSPICIOUS_MOVE = YES;
				CLANG_WARN_UNGUARDED_AVAILABILITY = YES_AGGRESSIVE;
				CLANG_WARN_UNREACHABLE_CODE = YES;
				CLANG_WARN__DUPLICATE_METHOD_MATCH = YES;
				CODE_SIGN_IDENTITY = "iPhone Developer";
				COPY_PHASE_STRIP = NO;
				DEBUG_INFORMATION_FORMAT = dwarf;
				ENABLE_STRICT_OBJC_MSGSEND = YES;
				ENABLE_TESTABILITY = YES;
				GCC_C_LANGUAGE_STANDARD = gnu11;
				GCC_DYNAMIC_NO_PIC = NO;
				GCC_NO_COMMON_BLOCKS = YES;
				GCC_OPTIMIZATION_LEVEL = 0;
				GCC_PREPROCESSOR_DEFINITIONS = (
					"DEBUG=1",
					"$(inherited)",
				);
				GCC_WARN_64_TO_32_BIT_CONVERSION = YES;
				GCC_WARN_ABOUT_RETURN_TYPE = YES_ERROR;
				GCC_WARN_UNDECLARED_SELECTOR = YES;
				GCC_WARN_UNINITIALIZED_AUTOS = YES_AGGRESSIVE;
				GCC_WARN_UNUSED_FUNCTION = YES;
				GCC_WARN_UNUSED_VARIABLE = YES;
				IPHONEOS_DEPLOYMENT_TARGET = 12.2;
				MTL_ENABLE_DEBUG_INFO = INCLUDE_SOURCE;
				MTL_FAST_MATH = YES;
				ONLY_ACTIVE_ARCH = YES;
				SDKROOT = iphoneos;
				SWIFT_ACTIVE_COMPILATION_CONDITIONS = DEBUG;
				SWIFT_OPTIMIZATION_LEVEL = "-Onone";
			};
			name = Debug;
		};
		101BC6F52284871A0030EB27 /* Release */ = {
			isa = XCBuildConfiguration;
			buildSettings = {
				ALWAYS_SEARCH_USER_PATHS = NO;
				CLANG_ANALYZER_NONNULL = YES;
				CLANG_ANALYZER_NUMBER_OBJECT_CONVERSION = YES_AGGRESSIVE;
				CLANG_CXX_LANGUAGE_STANDARD = "gnu++14";
				CLANG_CXX_LIBRARY = "libc++";
				CLANG_ENABLE_MODULES = YES;
				CLANG_ENABLE_OBJC_ARC = YES;
				CLANG_ENABLE_OBJC_WEAK = YES;
				CLANG_WARN_BLOCK_CAPTURE_AUTORELEASING = YES;
				CLANG_WARN_BOOL_CONVERSION = YES;
				CLANG_WARN_COMMA = YES;
				CLANG_WARN_CONSTANT_CONVERSION = YES;
				CLANG_WARN_DEPRECATED_OBJC_IMPLEMENTATIONS = YES;
				CLANG_WARN_DIRECT_OBJC_ISA_USAGE = YES_ERROR;
				CLANG_WARN_DOCUMENTATION_COMMENTS = YES;
				CLANG_WARN_EMPTY_BODY = YES;
				CLANG_WARN_ENUM_CONVERSION = YES;
				CLANG_WARN_INFINITE_RECURSION = YES;
				CLANG_WARN_INT_CONVERSION = YES;
				CLANG_WARN_NON_LITERAL_NULL_CONVERSION = YES;
				CLANG_WARN_OBJC_IMPLICIT_RETAIN_SELF = YES;
				CLANG_WARN_OBJC_LITERAL_CONVERSION = YES;
				CLANG_WARN_OBJC_ROOT_CLASS = YES_ERROR;
				CLANG_WARN_RANGE_LOOP_ANALYSIS = YES;
				CLANG_WARN_STRICT_PROTOTYPES = YES;
				CLANG_WARN_SUSPICIOUS_MOVE = YES;
				CLANG_WARN_UNGUARDED_AVAILABILITY = YES_AGGRESSIVE;
				CLANG_WARN_UNREACHABLE_CODE = YES;
				CLANG_WARN__DUPLICATE_METHOD_MATCH = YES;
				CODE_SIGN_IDENTITY = "iPhone Developer";
				COPY_PHASE_STRIP = NO;
				DEBUG_INFORMATION_FORMAT = "dwarf-with-dsym";
				ENABLE_NS_ASSERTIONS = NO;
				ENABLE_STRICT_OBJC_MSGSEND = YES;
				GCC_C_LANGUAGE_STANDARD = gnu11;
				GCC_NO_COMMON_BLOCKS = YES;
				GCC_WARN_64_TO_32_BIT_CONVERSION = YES;
				GCC_WARN_ABOUT_RETURN_TYPE = YES_ERROR;
				GCC_WARN_UNDECLARED_SELECTOR = YES;
				GCC_WARN_UNINITIALIZED_AUTOS = YES_AGGRESSIVE;
				GCC_WARN_UNUSED_FUNCTION = YES;
				GCC_WARN_UNUSED_VARIABLE = YES;
				IPHONEOS_DEPLOYMENT_TARGET = 12.2;
				MTL_ENABLE_DEBUG_INFO = NO;
				MTL_FAST_MATH = YES;
				SDKROOT = iphoneos;
				SWIFT_COMPILATION_MODE = wholemodule;
				SWIFT_OPTIMIZATION_LEVEL = "-O";
				VALIDATE_PRODUCT = YES;
			};
			name = Release;
		};
		101BC6F72284871A0030EB27 /* Debug */ = {
			isa = XCBuildConfiguration;
			baseConfigurationReference = 22AC0D8B1E4A05A42DB28DF8 /* Pods-iDelivery.debug.xcconfig */;
			buildSettings = {
				ASSETCATALOG_COMPILER_APPICON_NAME = AppIcon;
				CODE_SIGN_STYLE = Automatic;
				INFOPLIST_FILE = iDelivery/Info.plist;
				LD_RUNPATH_SEARCH_PATHS = (
					"$(inherited)",
					"@executable_path/Frameworks",
				);
				PRODUCT_BUNDLE_IDENTIFIER = com.harry.iDelivery;
				PRODUCT_NAME = "$(TARGET_NAME)";
				SWIFT_VERSION = 5.0;
				TARGETED_DEVICE_FAMILY = 1;
			};
			name = Debug;
		};
		101BC6F82284871A0030EB27 /* Release */ = {
			isa = XCBuildConfiguration;
			baseConfigurationReference = 84B4FBFD86F3ED01C76A8426 /* Pods-iDelivery.release.xcconfig */;
			buildSettings = {
				ASSETCATALOG_COMPILER_APPICON_NAME = AppIcon;
				CODE_SIGN_STYLE = Automatic;
				INFOPLIST_FILE = iDelivery/Info.plist;
				LD_RUNPATH_SEARCH_PATHS = (
					"$(inherited)",
					"@executable_path/Frameworks",
				);
				PRODUCT_BUNDLE_IDENTIFIER = com.harry.iDelivery;
				PRODUCT_NAME = "$(TARGET_NAME)";
				SWIFT_VERSION = 5.0;
				TARGETED_DEVICE_FAMILY = 1;
			};
			name = Release;
		};
		101BC6FA2284871A0030EB27 /* Debug */ = {
			isa = XCBuildConfiguration;
			baseConfigurationReference = A2CBA3BBF5FFED2C92E39C78 /* Pods-iDeliveryTests.debug.xcconfig */;
			buildSettings = {
				ALWAYS_EMBED_SWIFT_STANDARD_LIBRARIES = YES;
				BUNDLE_LOADER = "$(TEST_HOST)";
				CODE_SIGN_STYLE = Automatic;
				INFOPLIST_FILE = iDeliveryTests/Info.plist;
				LD_RUNPATH_SEARCH_PATHS = (
					"$(inherited)",
					"@executable_path/Frameworks",
					"@loader_path/Frameworks",
				);
				PRODUCT_BUNDLE_IDENTIFIER = com.harry.iDeliveryTests;
				PRODUCT_NAME = "$(TARGET_NAME)";
				SWIFT_VERSION = 5.0;
				TARGETED_DEVICE_FAMILY = "1,2";
				TEST_HOST = "$(BUILT_PRODUCTS_DIR)/iDelivery.app/iDelivery";
			};
			name = Debug;
		};
		101BC6FB2284871A0030EB27 /* Release */ = {
			isa = XCBuildConfiguration;
			baseConfigurationReference = F9AACA0687E389FB5F83CCCA /* Pods-iDeliveryTests.release.xcconfig */;
			buildSettings = {
				ALWAYS_EMBED_SWIFT_STANDARD_LIBRARIES = YES;
				BUNDLE_LOADER = "$(TEST_HOST)";
				CODE_SIGN_STYLE = Automatic;
				INFOPLIST_FILE = iDeliveryTests/Info.plist;
				LD_RUNPATH_SEARCH_PATHS = (
					"$(inherited)",
					"@executable_path/Frameworks",
					"@loader_path/Frameworks",
				);
				PRODUCT_BUNDLE_IDENTIFIER = com.harry.iDeliveryTests;
				PRODUCT_NAME = "$(TARGET_NAME)";
				SWIFT_VERSION = 5.0;
				TARGETED_DEVICE_FAMILY = "1,2";
				TEST_HOST = "$(BUILT_PRODUCTS_DIR)/iDelivery.app/iDelivery";
			};
			name = Release;
		};
		101BC6FD2284871A0030EB27 /* Debug */ = {
			isa = XCBuildConfiguration;
			baseConfigurationReference = 8ECFA2077F370CDFF43602E4 /* Pods-iDeliveryUITests.debug.xcconfig */;
			buildSettings = {
				ALWAYS_EMBED_SWIFT_STANDARD_LIBRARIES = YES;
				CODE_SIGN_STYLE = Automatic;
				INFOPLIST_FILE = iDeliveryUITests/Info.plist;
				LD_RUNPATH_SEARCH_PATHS = (
					"$(inherited)",
					"@executable_path/Frameworks",
					"@loader_path/Frameworks",
				);
				PRODUCT_BUNDLE_IDENTIFIER = com.harry.iDeliveryUITests;
				PRODUCT_NAME = "$(TARGET_NAME)";
				SWIFT_VERSION = 5.0;
				TARGETED_DEVICE_FAMILY = "1,2";
				TEST_TARGET_NAME = iDelivery;
			};
			name = Debug;
		};
		101BC6FE2284871A0030EB27 /* Release */ = {
			isa = XCBuildConfiguration;
			baseConfigurationReference = C229C8AB96D1558CD7745226 /* Pods-iDeliveryUITests.release.xcconfig */;
			buildSettings = {
				ALWAYS_EMBED_SWIFT_STANDARD_LIBRARIES = YES;
				CODE_SIGN_STYLE = Automatic;
				INFOPLIST_FILE = iDeliveryUITests/Info.plist;
				LD_RUNPATH_SEARCH_PATHS = (
					"$(inherited)",
					"@executable_path/Frameworks",
					"@loader_path/Frameworks",
				);
				PRODUCT_BUNDLE_IDENTIFIER = com.harry.iDeliveryUITests;
				PRODUCT_NAME = "$(TARGET_NAME)";
				SWIFT_VERSION = 5.0;
				TARGETED_DEVICE_FAMILY = "1,2";
				TEST_TARGET_NAME = iDelivery;
			};
			name = Release;
		};
/* End XCBuildConfiguration section */

/* Begin XCConfigurationList section */
		101BC6C9228487170030EB27 /* Build configuration list for PBXProject "iDelivery" */ = {
			isa = XCConfigurationList;
			buildConfigurations = (
				101BC6F42284871A0030EB27 /* Debug */,
				101BC6F52284871A0030EB27 /* Release */,
			);
			defaultConfigurationIsVisible = 0;
			defaultConfigurationName = Release;
		};
		101BC6F62284871A0030EB27 /* Build configuration list for PBXNativeTarget "iDelivery" */ = {
			isa = XCConfigurationList;
			buildConfigurations = (
				101BC6F72284871A0030EB27 /* Debug */,
				101BC6F82284871A0030EB27 /* Release */,
			);
			defaultConfigurationIsVisible = 0;
			defaultConfigurationName = Release;
		};
		101BC6F92284871A0030EB27 /* Build configuration list for PBXNativeTarget "iDeliveryTests" */ = {
			isa = XCConfigurationList;
			buildConfigurations = (
				101BC6FA2284871A0030EB27 /* Debug */,
				101BC6FB2284871A0030EB27 /* Release */,
			);
			defaultConfigurationIsVisible = 0;
			defaultConfigurationName = Release;
		};
		101BC6FC2284871A0030EB27 /* Build configuration list for PBXNativeTarget "iDeliveryUITests" */ = {
			isa = XCConfigurationList;
			buildConfigurations = (
				101BC6FD2284871A0030EB27 /* Debug */,
				101BC6FE2284871A0030EB27 /* Release */,
			);
			defaultConfigurationIsVisible = 0;
			defaultConfigurationName = Release;
		};
/* End XCConfigurationList section */
	};
	rootObject = 101BC6C6228487170030EB27 /* Project object */;
}
